
Microsoft Visual Studio Solution File, Format Version 12.00
# Visual Studio Version 17
VisualStudioVersion = 17.14.36616.10 d17.14
MinimumVisualStudioVersion = 10.0.40219.1
Project("{FAE04EC0-301F-11D3-BF4B-00C04F79EFBC}") = "personapi-dotnet", "personapi-dotnet.csproj", "{910D2396-15B6-47D1-88C4-B9363E5E4E65}"
EndProject
Global
	GlobalSection(SolutionConfigurationPlatforms) = preSolution
		Debug|Any CPU = Debug|Any CPU
		Release|Any CPU = Release|Any CPU
	EndGlobalSection
	GlobalSection(ProjectConfigurationPlatforms) = postSolution
		{910D2396-15B6-47D1-88C4-B9363E5E4E65}.Debug|Any CPU.ActiveCfg = Debug|Any CPU
		{910D2396-15B6-47D1-88C4-B9363E5E4E65}.Debug|Any CPU.Build.0 = Debug|Any CPU
		{910D2396-15B6-47D1-88C4-B9363E5E4E65}.Release|Any CPU.ActiveCfg = Release|Any CPU
		{910D2396-15B6-47D1-88C4-B9363E5E4E65}.Release|Any CPU.Build.0 = Release|Any CPU
	EndGlobalSection
	GlobalSection(SolutionProperties) = preSolution
		HideSolutionNode = FALSE
	EndGlobalSection
	GlobalSection(ExtensibilityGlobals) = postSolution
		SolutionGuid = {97FBB32E-4092-4732-9F78-FDC6DABB9D19}
	EndGlobalSection
EndGlobal
